# Fixed Toolchain Versions for Reproducible Builds
# Generated by fingerprint.sh - DO NOT EDIT MANUALLY

# Core Languages
rust_version=rustc 1.89.0 (29483883e 2025-08-04)
cargo_version=cargo 1.89.0 (c24e10642 2025-06-23)
wasm32_target=not installed

# Go Toolchain  
go_version=go version go1.25.0 darwin/amd64
tinygo_version=tinygo version 0.39.0 darwin/amd64 (using go version go1.25.0 and LLVM version 19.1.2)

# WebAssembly Tools
wasm_strip_version=1.0.36 (git~1.0.37)
wasm_opt_version=wasm-opt version 123
wasm2wat_version=1.0.36 (git~1.0.37)

# Runtime Environment
nodejs_version=v22.18.0
npm_version=10.9.3

# Python Environment
python_version=Python 3.13.5
pip_version=pip 25.2 from /Users/kimi/miniforge3/lib/python3.13/site-packages/pip (python 3.13)

# Python Scientific Libraries
numpy_version=not found
scipy_version=not found
pandas_version=not found
matplotlib_version=not found
seaborn_version=not found

# Browser Engine
chrome_version=not found
puppeteer_version=^24.17.0

# System Information
os_name=macOS
os_version=15.6.1
os_build=24G90
architecture=x86_64
cpu_brand=Apple M4
cpu_cores=10
memory_gb=16.00

# Build Tools
make_version=GNU Make 3.81
git_version=git version 2.39.5 (Apple Git-154)

# Lock File Metadata
generated_date=2025-08-25T00:45:32Z
generator_script=scripts/fingerprint.sh
lock_file_version=1.0
project_root=/Users/kimi/Desktop/ARP/wasm-benchmark
