# Fixed Toolchain Versions for Reproducible Builds
# Generated by fingerprint.sh - DO NOT EDIT MANUALLY

# Core Languages
rust_version=1.84.0
rustc_version=rustc 1.84.0 (0fd5a7237 2025-01-13)
cargo_version=cargo 1.84.0 (a7bd58f1f 2025-01-13)

# Go Toolchain
go_version=go1.23.4
tinygo_version=tinygo version 0.34.0 darwin/arm64

# WebAssembly Tools
wasm_strip_version=wabt 1.0.35
wasm_opt_version=wasm-opt version 117 (version_117-0-gc3d25e85b)
wasm2wat_version=wasm2wat 1.0.35

# Runtime Environment  
nodejs_version=v22.12.0
npm_version=10.9.0

# Python Environment
python_version=Python 3.12.8
pip_version=pip 24.3.1

# Python Scientific Libraries
numpy_version=2.0.2
scipy_version=1.14.1
pandas_version=2.2.3
matplotlib_version=3.9.3
seaborn_version=0.13.2

# Browser Engine
chromium_version=131.0.6778.139
puppeteer_version=22.15.0

# System Information
os_version=Darwin 24.6.0
architecture=arm64
cpu_cores=10
memory_gb=16

# Build Tools
make_version=GNU Make 3.81
git_version=git version 2.46.2

# Lock File Metadata
generated_date=2025-08-24T00:00:00Z
generator_script=scripts/fingerprint.sh
lock_file_version=1.0